{
  "name": "doix-http",
  "version": "0.0.1",
  "lockfileVersion": 2,
  "requires": true,
  "packages": {
    "": {
      "name": "doix-http",
      "version": "0.0.1",
      "license": "MIT",
      "dependencies": {
        "doix": "^0.0.20"
      }
    },
    "node_modules/doix": {
      "version": "0.0.20",
      "resolved": "https://registry.npmjs.org/doix/-/doix-0.0.20.tgz",
      "integrity": "sha512-TaK7JJeHNB1IIA7obOg5iHDlPh1lsrzIemwYmqiTMNCuJ9jx2ZVAmWacd+BJmngaPDLzpb6T0miIP7IwNabTYw=="
    }
  },
  "dependencies": {
    "doix": {
      "version": "0.0.20",
      "resolved": "https://registry.npmjs.org/doix/-/doix-0.0.20.tgz",
      "integrity": "sha512-TaK7JJeHNB1IIA7obOg5iHDlPh1lsrzIemwYmqiTMNCuJ9jx2ZVAmWacd+BJmngaPDLzpb6T0miIP7IwNabTYw=="
    }
  }
}
