{
  "name": "doix-http",
  "version": "0.0.7",
  "lockfileVersion": 2,
  "requires": true,
  "packages": {
    "": {
      "name": "doix-http",
      "version": "0.0.7",
      "license": "MIT",
      "dependencies": {
        "mime-db": "^1.52.0"
      },
      "peerDependencies": {
        "doix": "^0.0.28"
      }
    },
    "node_modules/doix": {
      "version": "0.0.28",
      "resolved": "https://registry.npmjs.org/doix/-/doix-0.0.28.tgz",
      "integrity": "sha512-k+zjFbGCV5ilf8G2rjanw+hRUEA+/UPWzH+LJhJSdrssmYh4ReaTN5VCN3BxQLGIFu7G+qaCoiblzhLXsA+DkA==",
      "peer": true
    },
    "node_modules/mime-db": {
      "version": "1.52.0",
      "resolved": "https://registry.npmjs.org/mime-db/-/mime-db-1.52.0.tgz",
      "integrity": "sha512-sPU4uV7dYlvtWJxwwxHD0PuihVNiE7TyAbQ5SWxDCB9mUYvOgroQOwYQQOKPJ8CIbE+1ETVlOoK1UC2nU3gYvg==",
      "engines": {
        "node": ">= 0.6"
      }
    }
  },
  "dependencies": {
    "doix": {
      "version": "0.0.28",
      "resolved": "https://registry.npmjs.org/doix/-/doix-0.0.28.tgz",
      "integrity": "sha512-k+zjFbGCV5ilf8G2rjanw+hRUEA+/UPWzH+LJhJSdrssmYh4ReaTN5VCN3BxQLGIFu7G+qaCoiblzhLXsA+DkA==",
      "peer": true
    },
    "mime-db": {
      "version": "1.52.0",
      "resolved": "https://registry.npmjs.org/mime-db/-/mime-db-1.52.0.tgz",
      "integrity": "sha512-sPU4uV7dYlvtWJxwwxHD0PuihVNiE7TyAbQ5SWxDCB9mUYvOgroQOwYQQOKPJ8CIbE+1ETVlOoK1UC2nU3gYvg=="
    }
  }
}
