{
  "name": "doix-http",
  "version": "0.0.1",
  "lockfileVersion": 2,
  "requires": true,
  "packages": {
    "": {
      "name": "doix-http",
      "version": "0.0.1",
      "license": "MIT",
      "dependencies": {
        "doix": "^0.0.18"
      }
    },
    "node_modules/doix": {
      "version": "0.0.18",
      "resolved": "https://registry.npmjs.org/doix/-/doix-0.0.18.tgz",
      "integrity": "sha512-e9q5KtEFJAFZxURPXrjYGxQ5xkoR3oMknjoHvaYi/siZJUD3HCgjl77/KbPt9BEee4/bpwMTVLpWbI7RUiTePw=="
    }
  },
  "dependencies": {
    "doix": {
      "version": "0.0.18",
      "resolved": "https://registry.npmjs.org/doix/-/doix-0.0.18.tgz",
      "integrity": "sha512-e9q5KtEFJAFZxURPXrjYGxQ5xkoR3oMknjoHvaYi/siZJUD3HCgjl77/KbPt9BEee4/bpwMTVLpWbI7RUiTePw=="
    }
  }
}
